
Microsoft Visual Studio Solution File, Format Version 12.00
# Visual Studio Version 17
VisualStudioVersion = 17.8.34330.188
MinimumVisualStudioVersion = 10.0.40219.1
Project("{9A19103F-16F7-4668-BE54-9A1E7A4F7556}") = "GameNight.Server", "GameNight\Server\GameNight.Server.csproj", "{0BFDAD65-9061-4EDE-82A0-8B572E2B1B16}"
EndProject
Project("{9A19103F-16F7-4668-BE54-9A1E7A4F7556}") = "GameNight.Client", "GameNight\Client\GameNight.Client.csproj", "{C42CE379-8F9E-4ECF-92A6-A107FC9624F0}"
EndProject
Project("{9A19103F-16F7-4668-BE54-9A1E7A4F7556}") = "GameNight.Shared", "GameNight\Shared\GameNight.Shared.csproj", "{F5393C2E-59F4-4D8F-8BD2-4F9B4DDC1E96}"
EndProject
Global
	GlobalSection(SolutionConfigurationPlatforms) = preSolution
		Debug|Any CPU = Debug|Any CPU
		Release|Any CPU = Release|Any CPU
	EndGlobalSection
	GlobalSection(ProjectConfigurationPlatforms) = postSolution
		{0BFDAD65-9061-4EDE-82A0-8B572E2B1B16}.Debug|Any CPU.ActiveCfg = Debug|Any CPU
		{0BFDAD65-9061-4EDE-82A0-8B572E2B1B16}.Debug|Any CPU.Build.0 = Debug|Any CPU
		{0BFDAD65-9061-4EDE-82A0-8B572E2B1B16}.Release|Any CPU.ActiveCfg = Release|Any CPU
		{0BFDAD65-9061-4EDE-82A0-8B572E2B1B16}.Release|Any CPU.Build.0 = Release|Any CPU
		{C42CE379-8F9E-4ECF-92A6-A107FC9624F0}.Debug|Any CPU.ActiveCfg = Debug|Any CPU
		{C42CE379-8F9E-4ECF-92A6-A107FC9624F0}.Debug|Any CPU.Build.0 = Debug|Any CPU
		{C42CE379-8F9E-4ECF-92A6-A107FC9624F0}.Release|Any CPU.ActiveCfg = Release|Any CPU
		{C42CE379-8F9E-4ECF-92A6-A107FC9624F0}.Release|Any CPU.Build.0 = Release|Any CPU
		{F5393C2E-59F4-4D8F-8BD2-4F9B4DDC1E96}.Debug|Any CPU.ActiveCfg = Debug|Any CPU
		{F5393C2E-59F4-4D8F-8BD2-4F9B4DDC1E96}.Debug|Any CPU.Build.0 = Debug|Any CPU
		{F5393C2E-59F4-4D8F-8BD2-4F9B4DDC1E96}.Release|Any CPU.ActiveCfg = Release|Any CPU
		{F5393C2E-59F4-4D8F-8BD2-4F9B4DDC1E96}.Release|Any CPU.Build.0 = Release|Any CPU
	EndGlobalSection
	GlobalSection(SolutionProperties) = preSolution
		HideSolutionNode = FALSE
	EndGlobalSection
	GlobalSection(ExtensibilityGlobals) = postSolution
		SolutionGuid = {74CB7059-B366-4ADA-807C-9EAF0ADCA0D0}
	EndGlobalSection
EndGlobal
